// !$*UTF8*$!
{
	archiveVersion = 1;
	classes = {
	};
	objectVersion = 50;
	objects = {

/* Begin PBXBuildFile section */
		CDDCC7DE23725A1400C97E00 /* BookTableViewCell.swift in Sources */ = {isa = PBXBuildFile; fileRef = CDDCC7DD23725A1400C97E00 /* BookTableViewCell.swift */; };
		CDDCC7E12372609A00C97E00 /* BookCellViewModel.swift in Sources */ = {isa = PBXBuildFile; fileRef = CDDCC7E02372609A00C97E00 /* BookCellViewModel.swift */; };
		CDDCC7E32372623F00C97E00 /* Listener.swift in Sources */ = {isa = PBXBuildFile; fileRef = CDDCC7E22372623F00C97E00 /* Listener.swift */; };
		CDF2056F2370BCB700F3E8F2 /* AppDelegate.swift in Sources */ = {isa = PBXBuildFile; fileRef = CDF2056E2370BCB700F3E8F2 /* AppDelegate.swift */; };
		CDF205712370BCB700F3E8F2 /* SceneDelegate.swift in Sources */ = {isa = PBXBuildFile; fileRef = CDF205702370BCB700F3E8F2 /* SceneDelegate.swift */; };
		CDF205732370BCB700F3E8F2 /* BooksViewController.swift in Sources */ = {isa = PBXBuildFile; fileRef = CDF205722370BCB700F3E8F2 /* BooksViewController.swift */; };
		CDF205762370BCB700F3E8F2 /* Main.storyboard in Resources */ = {isa = PBXBuildFile; fileRef = CDF205742370BCB700F3E8F2 /* Main.storyboard */; };
		CDF205782370BCB800F3E8F2 /* Assets.xcassets in Resources */ = {isa = PBXBuildFile; fileRef = CDF205772370BCB800F3E8F2 /* Assets.xcassets */; };
		CDF2057B2370BCB800F3E8F2 /* LaunchScreen.storyboard in Resources */ = {isa = PBXBuildFile; fileRef = CDF205792370BCB800F3E8F2 /* LaunchScreen.storyboard */; };
		CDF205852370BEA800F3E8F2 /* Book.swift in Sources */ = {isa = PBXBuildFile; fileRef = CDF205842370BEA800F3E8F2 /* Book.swift */; };
		CDF205872370BF0200F3E8F2 /* Library.swift in Sources */ = {isa = PBXBuildFile; fileRef = CDF205862370BF0200F3E8F2 /* Library.swift */; };
		CDF2058A2370C00200F3E8F2 /* books.json in Resources */ = {isa = PBXBuildFile; fileRef = CDF205892370C00200F3E8F2 /* books.json */; };
/* End PBXBuildFile section */

/* Begin PBXFileReference section */
		CDDCC7DD23725A1400C97E00 /* BookTableViewCell.swift */ = {isa = PBXFileReference; lastKnownFileType = sourcecode.swift; path = BookTableViewCell.swift; sourceTree = "<group>"; };
		CDDCC7E02372609A00C97E00 /* BookCellViewModel.swift */ = {isa = PBXFileReference; lastKnownFileType = sourcecode.swift; path = BookCellViewModel.swift; sourceTree = "<group>"; };
		CDDCC7E22372623F00C97E00 /* Listener.swift */ = {isa = PBXFileReference; lastKnownFileType = sourcecode.swift; path = Listener.swift; sourceTree = "<group>"; };
		CDF2056B2370BCB700F3E8F2 /* Books.app */ = {isa = PBXFileReference; explicitFileType = wrapper.application; includeInIndex = 0; path = Books.app; sourceTree = BUILT_PRODUCTS_DIR; };
		CDF2056E2370BCB700F3E8F2 /* AppDelegate.swift */ = {isa = PBXFileReference; lastKnownFileType = sourcecode.swift; path = AppDelegate.swift; sourceTree = "<group>"; };
		CDF205702370BCB700F3E8F2 /* SceneDelegate.swift */ = {isa = PBXFileReference; lastKnownFileType = sourcecode.swift; path = SceneDelegate.swift; sourceTree = "<group>"; };
		CDF205722370BCB700F3E8F2 /* BooksViewController.swift */ = {isa = PBXFileReference; lastKnownFileType = sourcecode.swift; path = BooksViewController.swift; sourceTree = "<group>"; };
		CDF205752370BCB700F3E8F2 /* Base */ = {isa = PBXFileReference; lastKnownFileType = file.storyboard; name = Base; path = Base.lproj/Main.storyboard; sourceTree = "<group>"; };
		CDF205772370BCB800F3E8F2 /* Assets.xcassets */ = {isa = PBXFileReference; lastKnownFileType = folder.assetcatalog; path = Assets.xcassets; sourceTree = "<group>"; };
		CDF2057A2370BCB800F3E8F2 /* Base */ = {isa = PBXFileReference; lastKnownFileType = file.storyboard; name = Base; path = Base.lproj/LaunchScreen.storyboard; sourceTree = "<group>"; };
		CDF2057C2370BCB800F3E8F2 /* Info.plist */ = {isa = PBXFileReference; lastKnownFileType = text.plist.xml; path = Info.plist; sourceTree = "<group>"; };
		CDF205842370BEA800F3E8F2 /* Book.swift */ = {isa = PBXFileReference; lastKnownFileType = sourcecode.swift; path = Book.swift; sourceTree = "<group>"; };
		CDF205862370BF0200F3E8F2 /* Library.swift */ = {isa = PBXFileReference; lastKnownFileType = sourcecode.swift; path = Library.swift; sourceTree = "<group>"; };
		CDF205892370C00200F3E8F2 /* books.json */ = {isa = PBXFileReference; lastKnownFileType = text.json; path = books.json; sourceTree = "<group>"; };
/* End PBXFileReference section */

/* Begin PBXFrameworksBuildPhase section */
		CDF205682370BCB700F3E8F2 /* Frameworks */ = {
			isa = PBXFrameworksBuildPhase;
			buildActionMask = 2147483647;
			files = (
			);
			runOnlyForDeploymentPostprocessing = 0;
		};
/* End PBXFrameworksBuildPhase section */

/* Begin PBXGroup section */
		CDDCC7DC237259E400C97E00 /* Views */ = {
			isa = PBXGroup;
			children = (
				CDDCC7DD23725A1400C97E00 /* BookTableViewCell.swift */,
			);
			path = Views;
			sourceTree = "<group>";
		};
		CDDCC7DF2372607F00C97E00 /* View Models */ = {
			isa = PBXGroup;
			children = (
				CDDCC7E02372609A00C97E00 /* BookCellViewModel.swift */,
			);
			path = "View Models";
			sourceTree = "<group>";
		};
		CDF205622370BCB700F3E8F2 = {
			isa = PBXGroup;
			children = (
				CDF2056D2370BCB700F3E8F2 /* Books */,
				CDF2056C2370BCB700F3E8F2 /* Products */,
			);
			sourceTree = "<group>";
		};
		CDF2056C2370BCB700F3E8F2 /* Products */ = {
			isa = PBXGroup;
			children = (
				CDF2056B2370BCB700F3E8F2 /* Books.app */,
			);
			name = Products;
			sourceTree = "<group>";
		};
		CDF2056D2370BCB700F3E8F2 /* Books */ = {
			isa = PBXGroup;
			children = (
				CDF205882370BFED00F3E8F2 /* Assets */,
				CDF205832370BE7B00F3E8F2 /* App */,
				CDF2058B2370CD9000F3E8F2 /* Controller */,
				CDF205822370BE7000F3E8F2 /* Model */,
				CDDCC7DC237259E400C97E00 /* Views */,
			);
			path = Books;
			sourceTree = "<group>";
		};
		CDF205822370BE7000F3E8F2 /* Model */ = {
			isa = PBXGroup;
			children = (
				CDF205842370BEA800F3E8F2 /* Book.swift */,
				CDF205862370BF0200F3E8F2 /* Library.swift */,
				CDDCC7E22372623F00C97E00 /* Listener.swift */,
			);
			path = Model;
			sourceTree = "<group>";
		};
		CDF205832370BE7B00F3E8F2 /* App */ = {
			isa = PBXGroup;
			children = (
				CDF205792370BCB800F3E8F2 /* LaunchScreen.storyboard */,
				CDF2057C2370BCB800F3E8F2 /* Info.plist */,
				CDF2056E2370BCB700F3E8F2 /* AppDelegate.swift */,
				CDF205702370BCB700F3E8F2 /* SceneDelegate.swift */,
			);
			path = App;
			sourceTree = "<group>";
		};
		CDF205882370BFED00F3E8F2 /* Assets */ = {
			isa = PBXGroup;
			children = (
				CDF205772370BCB800F3E8F2 /* Assets.xcassets */,
				CDF205892370C00200F3E8F2 /* books.json */,
			);
			path = Assets;
			sourceTree = "<group>";
		};
		CDF2058B2370CD9000F3E8F2 /* Controller */ = {
			isa = PBXGroup;
			children = (
				CDDCC7DF2372607F00C97E00 /* View Models */,
				CDF205722370BCB700F3E8F2 /* BooksViewController.swift */,
				CDF205742370BCB700F3E8F2 /* Main.storyboard */,
			);
			path = Controller;
			sourceTree = "<group>";
		};
/* End PBXGroup section */

/* Begin PBXNativeTarget section */
		CDF2056A2370BCB700F3E8F2 /* Books */ = {
			isa = PBXNativeTarget;
			buildConfigurationList = CDF2057F2370BCB800F3E8F2 /* Build configuration list for PBXNativeTarget "Books" */;
			buildPhases = (
				CDF205672370BCB700F3E8F2 /* Sources */,
				CDF205682370BCB700F3E8F2 /* Frameworks */,
				CDF205692370BCB700F3E8F2 /* Resources */,
			);
			buildRules = (
			);
			dependencies = (
			);
			name = Books;
			productName = Books;
			productReference = CDF2056B2370BCB700F3E8F2 /* Books.app */;
			productType = "com.apple.product-type.application";
		};
/* End PBXNativeTarget section */

/* Begin PBXProject section */
		CDF205632370BCB700F3E8F2 /* Project object */ = {
			isa = PBXProject;
			attributes = {
				LastSwiftUpdateCheck = 1110;
				LastUpgradeCheck = 1110;
				ORGANIZATIONNAME = "Kasper Gammeltoft";
				TargetAttributes = {
					CDF2056A2370BCB700F3E8F2 = {
						CreatedOnToolsVersion = 11.1;
					};
				};
			};
			buildConfigurationList = CDF205662370BCB700F3E8F2 /* Build configuration list for PBXProject "Books" */;
			compatibilityVersion = "Xcode 9.3";
			developmentRegion = en;
			hasScannedForEncodings = 0;
			knownRegions = (
				en,
				Base,
			);
			mainGroup = CDF205622370BCB700F3E8F2;
			productRefGroup = CDF2056C2370BCB700F3E8F2 /* Products */;
			projectDirPath = "";
			projectRoot = "";
			targets = (
				CDF2056A2370BCB700F3E8F2 /* Books */,
			);
		};
/* End PBXProject section */

/* Begin PBXResourcesBuildPhase section */
		CDF205692370BCB700F3E8F2 /* Resources */ = {
			isa = PBXResourcesBuildPhase;
			buildActionMask = 2147483647;
			files = (
				CDF2058A2370C00200F3E8F2 /* books.json in Resources */,
				CDF2057B2370BCB800F3E8F2 /* LaunchScreen.storyboard in Resources */,
				CDF205782370BCB800F3E8F2 /* Assets.xcassets in Resources */,
				CDF205762370BCB700F3E8F2 /* Main.storyboard in Resources */,
			);
			runOnlyForDeploymentPostprocessing = 0;
		};
/* End PBXResourcesBuildPhase section */

/* Begin PBXSourcesBuildPhase section */
		CDF205672370BCB700F3E8F2 /* Sources */ = {
			isa = PBXSourcesBuildPhase;
			buildActionMask = 2147483647;
			files = (
				CDF205852370BEA800F3E8F2 /* Book.swift in Sources */,
				CDF205732370BCB700F3E8F2 /* BooksViewController.swift in Sources */,
				CDF205872370BF0200F3E8F2 /* Library.swift in Sources */,
				CDDCC7E12372609A00C97E00 /* BookCellViewModel.swift in Sources */,
				CDF2056F2370BCB700F3E8F2 /* AppDelegate.swift in Sources */,
				CDDCC7DE23725A1400C97E00 /* BookTableViewCell.swift in Sources */,
				CDF205712370BCB700F3E8F2 /* SceneDelegate.swift in Sources */,
				CDDCC7E32372623F00C97E00 /* Listener.swift in Sources */,
			);
			runOnlyForDeploymentPostprocessing = 0;
		};
/* End PBXSourcesBuildPhase section */

/* Begin PBXVariantGroup section */
		CDF205742370BCB700F3E8F2 /* Main.storyboard */ = {
			isa = PBXVariantGroup;
			children = (
				CDF205752370BCB700F3E8F2 /* Base */,
			);
			name = Main.storyboard;
			sourceTree = "<group>";
		};
		CDF205792370BCB800F3E8F2 /* LaunchScreen.storyboard */ = {
			isa = PBXVariantGroup;
			children = (
				CDF2057A2370BCB800F3E8F2 /* Base */,
			);
			name = LaunchScreen.storyboard;
			sourceTree = "<group>";
		};
/* End PBXVariantGroup section */

/* Begin XCBuildConfiguration section */
		CDF2057D2370BCB800F3E8F2 /* Debug */ = {
			isa = XCBuildConfiguration;
			buildSettings = {
				ALWAYS_SEARCH_USER_PATHS = NO;
				CLANG_ANALYZER_NONNULL = YES;
				CLANG_ANALYZER_NUMBER_OBJECT_CONVERSION = YES_AGGRESSIVE;
				CLANG_CXX_LANGUAGE_STANDARD = "gnu++14";
				CLANG_CXX_LIBRARY = "libc++";
				CLANG_ENABLE_MODULES = YES;
				CLANG_ENABLE_OBJC_ARC = YES;
				CLANG_ENABLE_OBJC_WEAK = YES;
				CLANG_WARN_BLOCK_CAPTURE_AUTORELEASING = YES;
				CLANG_WARN_BOOL_CONVERSION = YES;
				CLANG_WARN_COMMA = YES;
				CLANG_WARN_CONSTANT_CONVERSION = YES;
				CLANG_WARN_DEPRECATED_OBJC_IMPLEMENTATIONS = YES;
				CLANG_WARN_DIRECT_OBJC_ISA_USAGE = YES_ERROR;
				CLANG_WARN_DOCUMENTATION_COMMENTS = YES;
				CLANG_WARN_EMPTY_BODY = YES;
				CLANG_WARN_ENUM_CONVERSION = YES;
				CLANG_WARN_INFINITE_RECURSION = YES;
				CLANG_WARN_INT_CONVERSION = YES;
				CLANG_WARN_NON_LITERAL_NULL_CONVERSION = YES;
				CLANG_WARN_OBJC_IMPLICIT_RETAIN_SELF = YES;
				CLANG_WARN_OBJC_LITERAL_CONVERSION = YES;
				CLANG_WARN_OBJC_ROOT_CLASS = YES_ERROR;
				CLANG_WARN_RANGE_LOOP_ANALYSIS = YES;
				CLANG_WARN_STRICT_PROTOTYPES = YES;
				CLANG_WARN_SUSPICIOUS_MOVE = YES;
				CLANG_WARN_UNGUARDED_AVAILABILITY = YES_AGGRESSIVE;
				CLANG_WARN_UNREACHABLE_CODE = YES;
				CLANG_WARN__DUPLICATE_METHOD_MATCH = YES;
				COPY_PHASE_STRIP = NO;
				DEBUG_INFORMATION_FORMAT = dwarf;
				ENABLE_STRICT_OBJC_MSGSEND = YES;
				ENABLE_TESTABILITY = YES;
				GCC_C_LANGUAGE_STANDARD = gnu11;
				GCC_DYNAMIC_NO_PIC = NO;
				GCC_NO_COMMON_BLOCKS = YES;
				GCC_OPTIMIZATION_LEVEL = 0;
				GCC_PREPROCESSOR_DEFINITIONS = (
					"DEBUG=1",
					"$(inherited)",
				);
				GCC_WARN_64_TO_32_BIT_CONVERSION = YES;
				GCC_WARN_ABOUT_RETURN_TYPE = YES_ERROR;
				GCC_WARN_UNDECLARED_SELECTOR = YES;
				GCC_WARN_UNINITIALIZED_AUTOS = YES_AGGRESSIVE;
				GCC_WARN_UNUSED_FUNCTION = YES;
				GCC_WARN_UNUSED_VARIABLE = YES;
				IPHONEOS_DEPLOYMENT_TARGET = 13.1;
				MTL_ENABLE_DEBUG_INFO = INCLUDE_SOURCE;
				MTL_FAST_MATH = YES;
				ONLY_ACTIVE_ARCH = YES;
				SDKROOT = iphoneos;
				SWIFT_ACTIVE_COMPILATION_CONDITIONS = DEBUG;
				SWIFT_OPTIMIZATION_LEVEL = "-Onone";
			};
			name = Debug;
		};
		CDF2057E2370BCB800F3E8F2 /* Release */ = {
			isa = XCBuildConfiguration;
			buildSettings = {
				ALWAYS_SEARCH_USER_PATHS = NO;
				CLANG_ANALYZER_NONNULL = YES;
				CLANG_ANALYZER_NUMBER_OBJECT_CONVERSION = YES_AGGRESSIVE;
				CLANG_CXX_LANGUAGE_STANDARD = "gnu++14";
				CLANG_CXX_LIBRARY = "libc++";
				CLANG_ENABLE_MODULES = YES;
				CLANG_ENABLE_OBJC_ARC = YES;
				CLANG_ENABLE_OBJC_WEAK = YES;
				CLANG_WARN_BLOCK_CAPTURE_AUTORELEASING = YES;
				CLANG_WARN_BOOL_CONVERSION = YES;
				CLANG_WARN_COMMA = YES;
				CLANG_WARN_CONSTANT_CONVERSION = YES;
				CLANG_WARN_DEPRECATED_OBJC_IMPLEMENTATIONS = YES;
				CLANG_WARN_DIRECT_OBJC_ISA_USAGE = YES_ERROR;
				CLANG_WARN_DOCUMENTATION_COMMENTS = YES;
				CLANG_WARN_EMPTY_BODY = YES;
				CLANG_WARN_ENUM_CONVERSION = YES;
				CLANG_WARN_INFINITE_RECURSION = YES;
				CLANG_WARN_INT_CONVERSION = YES;
				CLANG_WARN_NON_LITERAL_NULL_CONVERSION = YES;
				CLANG_WARN_OBJC_IMPLICIT_RETAIN_SELF = YES;
				CLANG_WARN_OBJC_LITERAL_CONVERSION = YES;
				CLANG_WARN_OBJC_ROOT_CLASS = YES_ERROR;
				CLANG_WARN_RANGE_LOOP_ANALYSIS = YES;
				CLANG_WARN_STRICT_PROTOTYPES = YES;
				CLANG_WARN_SUSPICIOUS_MOVE = YES;
				CLANG_WARN_UNGUARDED_AVAILABILITY = YES_AGGRESSIVE;
				CLANG_WARN_UNREACHABLE_CODE = YES;
				CLANG_WARN__DUPLICATE_METHOD_MATCH = YES;
				COPY_PHASE_STRIP = NO;
				DEBUG_INFORMATION_FORMAT = "dwarf-with-dsym";
				ENABLE_NS_ASSERTIONS = NO;
				ENABLE_STRICT_OBJC_MSGSEND = YES;
				GCC_C_LANGUAGE_STANDARD = gnu11;
				GCC_NO_COMMON_BLOCKS = YES;
				GCC_WARN_64_TO_32_BIT_CONVERSION = YES;
				GCC_WARN_ABOUT_RETURN_TYPE = YES_ERROR;
				GCC_WARN_UNDECLARED_SELECTOR = YES;
				GCC_WARN_UNINITIALIZED_AUTOS = YES_AGGRESSIVE;
				GCC_WARN_UNUSED_FUNCTION = YES;
				GCC_WARN_UNUSED_VARIABLE = YES;
				IPHONEOS_DEPLOYMENT_TARGET = 13.1;
				MTL_ENABLE_DEBUG_INFO = NO;
				MTL_FAST_MATH = YES;
				SDKROOT = iphoneos;
				SWIFT_COMPILATION_MODE = wholemodule;
				SWIFT_OPTIMIZATION_LEVEL = "-O";
				VALIDATE_PRODUCT = YES;
			};
			name = Release;
		};
		CDF205802370BCB800F3E8F2 /* Debug */ = {
			isa = XCBuildConfiguration;
			buildSettings = {
				ASSETCATALOG_COMPILER_APPICON_NAME = AppIcon;
				CODE_SIGN_STYLE = Automatic;
				DEVELOPMENT_TEAM = 5XK7JHWX2X;
				INFOPLIST_FILE = Books/App/Info.plist;
				LD_RUNPATH_SEARCH_PATHS = (
					"$(inherited)",
					"@executable_path/Frameworks",
				);
				PRODUCT_BUNDLE_IDENTIFIER = learnSwift.Books;
				PRODUCT_NAME = "$(TARGET_NAME)";
				SWIFT_VERSION = 5.0;
				TARGETED_DEVICE_FAMILY = "1,2";
			};
			name = Debug;
		};
		CDF205812370BCB800F3E8F2 /* Release */ = {
			isa = XCBuildConfiguration;
			buildSettings = {
				ASSETCATALOG_COMPILER_APPICON_NAME = AppIcon;
				CODE_SIGN_STYLE = Automatic;
				DEVELOPMENT_TEAM = 5XK7JHWX2X;
				INFOPLIST_FILE = Books/App/Info.plist;
				LD_RUNPATH_SEARCH_PATHS = (
					"$(inherited)",
					"@executable_path/Frameworks",
				);
				PRODUCT_BUNDLE_IDENTIFIER = learnSwift.Books;
				PRODUCT_NAME = "$(TARGET_NAME)";
				SWIFT_VERSION = 5.0;
				TARGETED_DEVICE_FAMILY = "1,2";
			};
			name = Release;
		};
/* End XCBuildConfiguration section */

/* Begin XCConfigurationList section */
		CDF205662370BCB700F3E8F2 /* Build configuration list for PBXProject "Books" */ = {
			isa = XCConfigurationList;
			buildConfigurations = (
				CDF2057D2370BCB800F3E8F2 /* Debug */,
				CDF2057E2370BCB800F3E8F2 /* Release */,
			);
			defaultConfigurationIsVisible = 0;
			defaultConfigurationName = Release;
		};
		CDF2057F2370BCB800F3E8F2 /* Build configuration list for PBXNativeTarget "Books" */ = {
			isa = XCConfigurationList;
			buildConfigurations = (
				CDF205802370BCB800F3E8F2 /* Debug */,
				CDF205812370BCB800F3E8F2 /* Release */,
			);
			defaultConfigurationIsVisible = 0;
			defaultConfigurationName = Release;
		};
/* End XCConfigurationList section */
	};
	rootObject = CDF205632370BCB700F3E8F2 /* Project object */;
}
